
Microsoft Visual Studio Solution File, Format Version 12.00
# Visual Studio Version 17
VisualStudioVersion = 17.4.33213.308
MinimumVisualStudioVersion = 10.0.40219.1
Project("{8BC9CEB8-8B4A-11D0-8D11-00A0C91BC942}") = "Windows", "Windows\SmsRouterPi\WindowsRouterPi.vcxproj", "{876E089E-EB4E-4D1D-8380-6316CF2B97DF}"
EndProject
Project("{8BC9CEB8-8B4A-11D0-8D11-00A0C91BC942}") = "Linux", "Linux\SmsRouterPi\LinuxRouterPi.vcxproj", "{DB59677B-0956-447C-AFE1-28E2158731C5}"
EndProject
Global
	GlobalSection(SolutionConfigurationPlatforms) = preSolution
		Debug|ARM = Debug|ARM
		Debug|ARM64 = Debug|ARM64
		Debug|x64 = Debug|x64
		Debug|x86 = Debug|x86
		Release|ARM = Release|ARM
		Release|ARM64 = Release|ARM64
		Release|x64 = Release|x64
		Release|x86 = Release|x86
	EndGlobalSection
	GlobalSection(ProjectConfigurationPlatforms) = postSolution
		{876E089E-EB4E-4D1D-8380-6316CF2B97DF}.Debug|ARM.ActiveCfg = Debug|x64
		{876E089E-EB4E-4D1D-8380-6316CF2B97DF}.Debug|ARM.Build.0 = Debug|x64
		{876E089E-EB4E-4D1D-8380-6316CF2B97DF}.Debug|ARM64.ActiveCfg = Debug|x64
		{876E089E-EB4E-4D1D-8380-6316CF2B97DF}.Debug|ARM64.Build.0 = Debug|x64
		{876E089E-EB4E-4D1D-8380-6316CF2B97DF}.Debug|x64.ActiveCfg = Debug|x64
		{876E089E-EB4E-4D1D-8380-6316CF2B97DF}.Debug|x64.Build.0 = Debug|x64
		{876E089E-EB4E-4D1D-8380-6316CF2B97DF}.Debug|x86.ActiveCfg = Debug|Win32
		{876E089E-EB4E-4D1D-8380-6316CF2B97DF}.Debug|x86.Build.0 = Debug|Win32
		{876E089E-EB4E-4D1D-8380-6316CF2B97DF}.Release|ARM.ActiveCfg = Release|x64
		{876E089E-EB4E-4D1D-8380-6316CF2B97DF}.Release|ARM.Build.0 = Release|x64
		{876E089E-EB4E-4D1D-8380-6316CF2B97DF}.Release|ARM64.ActiveCfg = Release|x64
		{876E089E-EB4E-4D1D-8380-6316CF2B97DF}.Release|ARM64.Build.0 = Release|x64
		{876E089E-EB4E-4D1D-8380-6316CF2B97DF}.Release|x64.ActiveCfg = Release|x64
		{876E089E-EB4E-4D1D-8380-6316CF2B97DF}.Release|x64.Build.0 = Release|x64
		{876E089E-EB4E-4D1D-8380-6316CF2B97DF}.Release|x86.ActiveCfg = Release|Win32
		{876E089E-EB4E-4D1D-8380-6316CF2B97DF}.Release|x86.Build.0 = Release|Win32
		{DB59677B-0956-447C-AFE1-28E2158731C5}.Debug|ARM.ActiveCfg = Debug|ARM
		{DB59677B-0956-447C-AFE1-28E2158731C5}.Debug|ARM.Build.0 = Debug|ARM
		{DB59677B-0956-447C-AFE1-28E2158731C5}.Debug|ARM.Deploy.0 = Debug|ARM
		{DB59677B-0956-447C-AFE1-28E2158731C5}.Debug|ARM64.ActiveCfg = Debug|ARM64
		{DB59677B-0956-447C-AFE1-28E2158731C5}.Debug|ARM64.Build.0 = Debug|ARM64
		{DB59677B-0956-447C-AFE1-28E2158731C5}.Debug|ARM64.Deploy.0 = Debug|ARM64
		{DB59677B-0956-447C-AFE1-28E2158731C5}.Debug|x64.ActiveCfg = Debug|x64
		{DB59677B-0956-447C-AFE1-28E2158731C5}.Debug|x64.Build.0 = Debug|x64
		{DB59677B-0956-447C-AFE1-28E2158731C5}.Debug|x64.Deploy.0 = Debug|x64
		{DB59677B-0956-447C-AFE1-28E2158731C5}.Debug|x86.ActiveCfg = Debug|x86
		{DB59677B-0956-447C-AFE1-28E2158731C5}.Debug|x86.Build.0 = Debug|x86
		{DB59677B-0956-447C-AFE1-28E2158731C5}.Debug|x86.Deploy.0 = Debug|x86
		{DB59677B-0956-447C-AFE1-28E2158731C5}.Release|ARM.ActiveCfg = Release|ARM
		{DB59677B-0956-447C-AFE1-28E2158731C5}.Release|ARM.Build.0 = Release|ARM
		{DB59677B-0956-447C-AFE1-28E2158731C5}.Release|ARM.Deploy.0 = Release|ARM
		{DB59677B-0956-447C-AFE1-28E2158731C5}.Release|ARM64.ActiveCfg = Release|ARM64
		{DB59677B-0956-447C-AFE1-28E2158731C5}.Release|ARM64.Build.0 = Release|ARM64
		{DB59677B-0956-447C-AFE1-28E2158731C5}.Release|ARM64.Deploy.0 = Release|ARM64
		{DB59677B-0956-447C-AFE1-28E2158731C5}.Release|x64.ActiveCfg = Release|x64
		{DB59677B-0956-447C-AFE1-28E2158731C5}.Release|x64.Build.0 = Release|x64
		{DB59677B-0956-447C-AFE1-28E2158731C5}.Release|x64.Deploy.0 = Release|x64
		{DB59677B-0956-447C-AFE1-28E2158731C5}.Release|x86.ActiveCfg = Release|x86
		{DB59677B-0956-447C-AFE1-28E2158731C5}.Release|x86.Build.0 = Release|x86
		{DB59677B-0956-447C-AFE1-28E2158731C5}.Release|x86.Deploy.0 = Release|x86
	EndGlobalSection
	GlobalSection(SolutionProperties) = preSolution
		HideSolutionNode = FALSE
	EndGlobalSection
	GlobalSection(ExtensibilityGlobals) = postSolution
		SolutionGuid = {665B60C4-AF69-4F0C-B5C5-4F3E8A89C089}
	EndGlobalSection
EndGlobal
